
Microsoft Visual Studio Solution File, Format Version 12.00
# Visual Studio 15
VisualStudioVersion = 15.0.25807.0
MinimumVisualStudioVersion = 10.0.40219.1
Project("{2150E333-8FDC-42A3-9474-1A3956D46DE8}") = "Engine", "Engine", "{BB4CCB2D-859A-46A1-AC6F-85F1AA1AE0EF}"
EndProject
Project("{2150E333-8FDC-42A3-9474-1A3956D46DE8}") = "Games", "Games", "{E82981AA-C998-44EC-A5C4-4CA534A0C3FE}"
EndProject
Project("{8BC9CEB8-8B4A-11D0-8D11-00A0C91BC942}") = "BuildingEscape", "Intermediate\ProjectFiles\BuildingEscape.vcxproj", "{AA1D5E5F-B687-42D9-835D-2D4840AD04BF}"
EndProject
Project("{8BC9CEB8-8B4A-11D0-8D11-00A0C91BC942}") = "UE4", "Intermediate\ProjectFiles\UE4.vcxproj", "{7DB19477-6047-414A-A27F-75D054B7FADE}"
EndProject
Project("{2150E333-8FDC-42A3-9474-1A3956D46DE8}") = "Visualizers", "Visualizers", "{7C55C71A-169C-495F-93A8-FA0EDB28D9D9}"
	ProjectSection(SolutionItems) = preProject
		..\..\..\..\..\Epic\UE_4.21\Engine\Extras\VisualStudioDebugging\UE4.natvis = ..\..\..\..\..\Epic\UE_4.21\Engine\Extras\VisualStudioDebugging\UE4.natvis
	EndProjectSection
EndProject
Global
	GlobalSection(SolutionConfigurationPlatforms) = preSolution
		DebugGame Editor|HTML5 = DebugGame Editor|HTML5
		DebugGame Editor|Win32 = DebugGame Editor|Win32
		DebugGame Editor|Win64 = DebugGame Editor|Win64
		DebugGame|HTML5 = DebugGame|HTML5
		DebugGame|Win32 = DebugGame|Win32
		DebugGame|Win64 = DebugGame|Win64
		Development Editor|HTML5 = Development Editor|HTML5
		Development Editor|Win32 = Development Editor|Win32
		Development Editor|Win64 = Development Editor|Win64
		Development|HTML5 = Development|HTML5
		Development|Win32 = Development|Win32
		Development|Win64 = Development|Win64
		Shipping|HTML5 = Shipping|HTML5
		Shipping|Win32 = Shipping|Win32
		Shipping|Win64 = Shipping|Win64
	EndGlobalSection
	GlobalSection(ProjectConfigurationPlatforms) = postSolution
		{AA1D5E5F-B687-42D9-835D-2D4840AD04BF}.DebugGame Editor|HTML5.ActiveCfg = Invalid|Win32
		{AA1D5E5F-B687-42D9-835D-2D4840AD04BF}.DebugGame Editor|Win32.ActiveCfg = Invalid|Win32
		{AA1D5E5F-B687-42D9-835D-2D4840AD04BF}.DebugGame Editor|Win64.ActiveCfg = DebugGame_Editor|x64
		{AA1D5E5F-B687-42D9-835D-2D4840AD04BF}.DebugGame Editor|Win64.Build.0 = DebugGame_Editor|x64
		{AA1D5E5F-B687-42D9-835D-2D4840AD04BF}.DebugGame|HTML5.ActiveCfg = HTML5_DebugGame|Win32
		{AA1D5E5F-B687-42D9-835D-2D4840AD04BF}.DebugGame|HTML5.Build.0 = HTML5_DebugGame|Win32
		{AA1D5E5F-B687-42D9-835D-2D4840AD04BF}.DebugGame|Win32.ActiveCfg = DebugGame|Win32
		{AA1D5E5F-B687-42D9-835D-2D4840AD04BF}.DebugGame|Win32.Build.0 = DebugGame|Win32
		{AA1D5E5F-B687-42D9-835D-2D4840AD04BF}.DebugGame|Win64.ActiveCfg = DebugGame|x64
		{AA1D5E5F-B687-42D9-835D-2D4840AD04BF}.DebugGame|Win64.Build.0 = DebugGame|x64
		{AA1D5E5F-B687-42D9-835D-2D4840AD04BF}.Development Editor|HTML5.ActiveCfg = Invalid|Win32
		{AA1D5E5F-B687-42D9-835D-2D4840AD04BF}.Development Editor|Win32.ActiveCfg = Invalid|Win32
		{AA1D5E5F-B687-42D9-835D-2D4840AD04BF}.Development Editor|Win64.ActiveCfg = Development_Editor|x64
		{AA1D5E5F-B687-42D9-835D-2D4840AD04BF}.Development Editor|Win64.Build.0 = Development_Editor|x64
		{AA1D5E5F-B687-42D9-835D-2D4840AD04BF}.Development|HTML5.ActiveCfg = HTML5_Development|Win32
		{AA1D5E5F-B687-42D9-835D-2D4840AD04BF}.Development|HTML5.Build.0 = HTML5_Development|Win32
		{AA1D5E5F-B687-42D9-835D-2D4840AD04BF}.Development|Win32.ActiveCfg = Development|Win32
		{AA1D5E5F-B687-42D9-835D-2D4840AD04BF}.Development|Win32.Build.0 = Development|Win32
		{AA1D5E5F-B687-42D9-835D-2D4840AD04BF}.Development|Win64.ActiveCfg = Development|x64
		{AA1D5E5F-B687-42D9-835D-2D4840AD04BF}.Development|Win64.Build.0 = Development|x64
		{AA1D5E5F-B687-42D9-835D-2D4840AD04BF}.Shipping|HTML5.ActiveCfg = HTML5_Shipping|Win32
		{AA1D5E5F-B687-42D9-835D-2D4840AD04BF}.Shipping|HTML5.Build.0 = HTML5_Shipping|Win32
		{AA1D5E5F-B687-42D9-835D-2D4840AD04BF}.Shipping|Win32.ActiveCfg = Shipping|Win32
		{AA1D5E5F-B687-42D9-835D-2D4840AD04BF}.Shipping|Win32.Build.0 = Shipping|Win32
		{AA1D5E5F-B687-42D9-835D-2D4840AD04BF}.Shipping|Win64.ActiveCfg = Shipping|x64
		{AA1D5E5F-B687-42D9-835D-2D4840AD04BF}.Shipping|Win64.Build.0 = Shipping|x64
		{7DB19477-6047-414A-A27F-75D054B7FADE}.DebugGame Editor|HTML5.ActiveCfg = BuiltWithUnrealBuildTool|Win32
		{7DB19477-6047-414A-A27F-75D054B7FADE}.DebugGame Editor|Win32.ActiveCfg = BuiltWithUnrealBuildTool|Win32
		{7DB19477-6047-414A-A27F-75D054B7FADE}.DebugGame Editor|Win64.ActiveCfg = BuiltWithUnrealBuildTool|Win32
		{7DB19477-6047-414A-A27F-75D054B7FADE}.DebugGame|HTML5.ActiveCfg = BuiltWithUnrealBuildTool|Win32
		{7DB19477-6047-414A-A27F-75D054B7FADE}.DebugGame|Win32.ActiveCfg = BuiltWithUnrealBuildTool|Win32
		{7DB19477-6047-414A-A27F-75D054B7FADE}.DebugGame|Win64.ActiveCfg = BuiltWithUnrealBuildTool|Win32
		{7DB19477-6047-414A-A27F-75D054B7FADE}.Development Editor|HTML5.ActiveCfg = BuiltWithUnrealBuildTool|Win32
		{7DB19477-6047-414A-A27F-75D054B7FADE}.Development Editor|Win32.ActiveCfg = BuiltWithUnrealBuildTool|Win32
		{7DB19477-6047-414A-A27F-75D054B7FADE}.Development Editor|Win64.ActiveCfg = BuiltWithUnrealBuildTool|Win32
		{7DB19477-6047-414A-A27F-75D054B7FADE}.Development|HTML5.ActiveCfg = BuiltWithUnrealBuildTool|Win32
		{7DB19477-6047-414A-A27F-75D054B7FADE}.Development|Win32.ActiveCfg = BuiltWithUnrealBuildTool|Win32
		{7DB19477-6047-414A-A27F-75D054B7FADE}.Development|Win64.ActiveCfg = BuiltWithUnrealBuildTool|Win32
		{7DB19477-6047-414A-A27F-75D054B7FADE}.Shipping|HTML5.ActiveCfg = BuiltWithUnrealBuildTool|Win32
		{7DB19477-6047-414A-A27F-75D054B7FADE}.Shipping|Win32.ActiveCfg = BuiltWithUnrealBuildTool|Win32
		{7DB19477-6047-414A-A27F-75D054B7FADE}.Shipping|Win64.ActiveCfg = BuiltWithUnrealBuildTool|Win32
	EndGlobalSection
	GlobalSection(SolutionProperties) = preSolution
		HideSolutionNode = FALSE
	EndGlobalSection
	GlobalSection(NestedProjects) = preSolution
		{AA1D5E5F-B687-42D9-835D-2D4840AD04BF} = {E82981AA-C998-44EC-A5C4-4CA534A0C3FE}
		{7DB19477-6047-414A-A27F-75D054B7FADE} = {BB4CCB2D-859A-46A1-AC6F-85F1AA1AE0EF}
	EndGlobalSection
	GlobalSection(ExtensibilityGlobals) = postSolution
		SolutionGuid = {F971F7D7-5B8E-4820-96D8-3E048F6F79AB}
	EndGlobalSection
EndGlobal
