
Microsoft Visual Studio Solution File, Format Version 12.00
# Visual Studio 15
VisualStudioVersion = 15.0.25807.0
MinimumVisualStudioVersion = 10.0.40219.1
Project("{2150E333-8FDC-42A3-9474-1A3956D46DE8}") = "Engine", "Engine", "{BB4CCB2D-859A-46A1-AC6F-85F1AA1AE0EF}"
EndProject
Project("{2150E333-8FDC-42A3-9474-1A3956D46DE8}") = "Games", "Games", "{E82981AA-C998-44EC-A5C4-4CA534A0C3FE}"
EndProject
Project("{8BC9CEB8-8B4A-11D0-8D11-00A0C91BC942}") = "BuildingEscape", "Intermediate\ProjectFiles\BuildingEscape.vcxproj", "{EBEC09F2-D7C7-401D-8C4F-C702D7CD5E53}"
EndProject
Project("{8BC9CEB8-8B4A-11D0-8D11-00A0C91BC942}") = "UE4", "Intermediate\ProjectFiles\UE4.vcxproj", "{02036DA7-7C5B-4EFB-847F-2359F293F232}"
EndProject
Project("{2150E333-8FDC-42A3-9474-1A3956D46DE8}") = "Visualizers", "Visualizers", "{7C55C71A-169C-495F-93A8-FA0EDB28D9D9}"
	ProjectSection(SolutionItems) = preProject
		..\..\..\..\..\Epic\UE_4.21\Engine\Extras\VisualStudioDebugging\UE4.natvis = ..\..\..\..\..\Epic\UE_4.21\Engine\Extras\VisualStudioDebugging\UE4.natvis
	EndProjectSection
EndProject
Global
	GlobalSection(SolutionConfigurationPlatforms) = preSolution
		DebugGame Editor|HTML5 = DebugGame Editor|HTML5
		DebugGame Editor|Win32 = DebugGame Editor|Win32
		DebugGame Editor|Win64 = DebugGame Editor|Win64
		DebugGame|HTML5 = DebugGame|HTML5
		DebugGame|Win32 = DebugGame|Win32
		DebugGame|Win64 = DebugGame|Win64
		Development Editor|HTML5 = Development Editor|HTML5
		Development Editor|Win32 = Development Editor|Win32
		Development Editor|Win64 = Development Editor|Win64
		Development|HTML5 = Development|HTML5
		Development|Win32 = Development|Win32
		Development|Win64 = Development|Win64
		Shipping|HTML5 = Shipping|HTML5
		Shipping|Win32 = Shipping|Win32
		Shipping|Win64 = Shipping|Win64
	EndGlobalSection
	GlobalSection(ProjectConfigurationPlatforms) = postSolution
		{EBEC09F2-D7C7-401D-8C4F-C702D7CD5E53}.DebugGame Editor|HTML5.ActiveCfg = Invalid|Win32
		{EBEC09F2-D7C7-401D-8C4F-C702D7CD5E53}.DebugGame Editor|Win32.ActiveCfg = Invalid|Win32
		{EBEC09F2-D7C7-401D-8C4F-C702D7CD5E53}.DebugGame Editor|Win64.ActiveCfg = DebugGame_Editor|x64
		{EBEC09F2-D7C7-401D-8C4F-C702D7CD5E53}.DebugGame Editor|Win64.Build.0 = DebugGame_Editor|x64
		{EBEC09F2-D7C7-401D-8C4F-C702D7CD5E53}.DebugGame|HTML5.ActiveCfg = HTML5_DebugGame|Win32
		{EBEC09F2-D7C7-401D-8C4F-C702D7CD5E53}.DebugGame|HTML5.Build.0 = HTML5_DebugGame|Win32
		{EBEC09F2-D7C7-401D-8C4F-C702D7CD5E53}.DebugGame|Win32.ActiveCfg = DebugGame|Win32
		{EBEC09F2-D7C7-401D-8C4F-C702D7CD5E53}.DebugGame|Win32.Build.0 = DebugGame|Win32
		{EBEC09F2-D7C7-401D-8C4F-C702D7CD5E53}.DebugGame|Win64.ActiveCfg = DebugGame|x64
		{EBEC09F2-D7C7-401D-8C4F-C702D7CD5E53}.DebugGame|Win64.Build.0 = DebugGame|x64
		{EBEC09F2-D7C7-401D-8C4F-C702D7CD5E53}.Development Editor|HTML5.ActiveCfg = Invalid|Win32
		{EBEC09F2-D7C7-401D-8C4F-C702D7CD5E53}.Development Editor|Win32.ActiveCfg = Invalid|Win32
		{EBEC09F2-D7C7-401D-8C4F-C702D7CD5E53}.Development Editor|Win64.ActiveCfg = Development_Editor|x64
		{EBEC09F2-D7C7-401D-8C4F-C702D7CD5E53}.Development Editor|Win64.Build.0 = Development_Editor|x64
		{EBEC09F2-D7C7-401D-8C4F-C702D7CD5E53}.Development|HTML5.ActiveCfg = HTML5_Development|Win32
		{EBEC09F2-D7C7-401D-8C4F-C702D7CD5E53}.Development|HTML5.Build.0 = HTML5_Development|Win32
		{EBEC09F2-D7C7-401D-8C4F-C702D7CD5E53}.Development|Win32.ActiveCfg = Development|Win32
		{EBEC09F2-D7C7-401D-8C4F-C702D7CD5E53}.Development|Win32.Build.0 = Development|Win32
		{EBEC09F2-D7C7-401D-8C4F-C702D7CD5E53}.Development|Win64.ActiveCfg = Development|x64
		{EBEC09F2-D7C7-401D-8C4F-C702D7CD5E53}.Development|Win64.Build.0 = Development|x64
		{EBEC09F2-D7C7-401D-8C4F-C702D7CD5E53}.Shipping|HTML5.ActiveCfg = HTML5_Shipping|Win32
		{EBEC09F2-D7C7-401D-8C4F-C702D7CD5E53}.Shipping|HTML5.Build.0 = HTML5_Shipping|Win32
		{EBEC09F2-D7C7-401D-8C4F-C702D7CD5E53}.Shipping|Win32.ActiveCfg = Shipping|Win32
		{EBEC09F2-D7C7-401D-8C4F-C702D7CD5E53}.Shipping|Win32.Build.0 = Shipping|Win32
		{EBEC09F2-D7C7-401D-8C4F-C702D7CD5E53}.Shipping|Win64.ActiveCfg = Shipping|x64
		{EBEC09F2-D7C7-401D-8C4F-C702D7CD5E53}.Shipping|Win64.Build.0 = Shipping|x64
		{02036DA7-7C5B-4EFB-847F-2359F293F232}.DebugGame Editor|HTML5.ActiveCfg = BuiltWithUnrealBuildTool|Win32
		{02036DA7-7C5B-4EFB-847F-2359F293F232}.DebugGame Editor|Win32.ActiveCfg = BuiltWithUnrealBuildTool|Win32
		{02036DA7-7C5B-4EFB-847F-2359F293F232}.DebugGame Editor|Win64.ActiveCfg = BuiltWithUnrealBuildTool|Win32
		{02036DA7-7C5B-4EFB-847F-2359F293F232}.DebugGame|HTML5.ActiveCfg = BuiltWithUnrealBuildTool|Win32
		{02036DA7-7C5B-4EFB-847F-2359F293F232}.DebugGame|Win32.ActiveCfg = BuiltWithUnrealBuildTool|Win32
		{02036DA7-7C5B-4EFB-847F-2359F293F232}.DebugGame|Win64.ActiveCfg = BuiltWithUnrealBuildTool|Win32
		{02036DA7-7C5B-4EFB-847F-2359F293F232}.Development Editor|HTML5.ActiveCfg = BuiltWithUnrealBuildTool|Win32
		{02036DA7-7C5B-4EFB-847F-2359F293F232}.Development Editor|Win32.ActiveCfg = BuiltWithUnrealBuildTool|Win32
		{02036DA7-7C5B-4EFB-847F-2359F293F232}.Development Editor|Win64.ActiveCfg = BuiltWithUnrealBuildTool|Win32
		{02036DA7-7C5B-4EFB-847F-2359F293F232}.Development|HTML5.ActiveCfg = BuiltWithUnrealBuildTool|Win32
		{02036DA7-7C5B-4EFB-847F-2359F293F232}.Development|Win32.ActiveCfg = BuiltWithUnrealBuildTool|Win32
		{02036DA7-7C5B-4EFB-847F-2359F293F232}.Development|Win64.ActiveCfg = BuiltWithUnrealBuildTool|Win32
		{02036DA7-7C5B-4EFB-847F-2359F293F232}.Shipping|HTML5.ActiveCfg = BuiltWithUnrealBuildTool|Win32
		{02036DA7-7C5B-4EFB-847F-2359F293F232}.Shipping|Win32.ActiveCfg = BuiltWithUnrealBuildTool|Win32
		{02036DA7-7C5B-4EFB-847F-2359F293F232}.Shipping|Win64.ActiveCfg = BuiltWithUnrealBuildTool|Win32
	EndGlobalSection
	GlobalSection(SolutionProperties) = preSolution
		HideSolutionNode = FALSE
	EndGlobalSection
	GlobalSection(NestedProjects) = preSolution
		{02036DA7-7C5B-4EFB-847F-2359F293F232} = {BB4CCB2D-859A-46A1-AC6F-85F1AA1AE0EF}
		{EBEC09F2-D7C7-401D-8C4F-C702D7CD5E53} = {E82981AA-C998-44EC-A5C4-4CA534A0C3FE}
	EndGlobalSection
EndGlobal
